// !$*UTF8*$!
{
	archiveVersion = 1;
	classes = {
	};
	objectVersion = 50;
	objects = {

/* Begin PBXBuildFile section */
		350AF6D925E02D5E0000F698 /* WelcomeView.swift in Sources */ = {isa = PBXBuildFile; fileRef = 350AF6D825E02D5E0000F698 /* WelcomeView.swift */; };
		350AF6E425E035840000F698 /* WelcomeFeatureView.swift in Sources */ = {isa = PBXBuildFile; fileRef = 350AF6E325E035840000F698 /* WelcomeFeatureView.swift */; };
		350AF6ED25E0365A0000F698 /* UIImage+Badge.swift in Sources */ = {isa = PBXBuildFile; fileRef = 350AF6EC25E0365A0000F698 /* UIImage+Badge.swift */; };
		35868D2825E03F090028AF1D /* WelcomeViewPresenter.swift in Sources */ = {isa = PBXBuildFile; fileRef = 35868D2725E03F090028AF1D /* WelcomeViewPresenter.swift */; };
		35EAFB7925CC9E3B00DCFE10 /* Networking.m in Sources */ = {isa = PBXBuildFile; fileRef = 35EAFB7825CC9E3B00DCFE10 /* Networking.m */; };
		6324CD5E2629364A00F79036 /* CoordinatorProtocol.swift in Sources */ = {isa = PBXBuildFile; fileRef = 6324CD5D2629364A00F79036 /* CoordinatorProtocol.swift */; };
		6324CD662629368B00F79036 /* MainCoordinator.swift in Sources */ = {isa = PBXBuildFile; fileRef = 6324CD652629368B00F79036 /* MainCoordinator.swift */; };
		6324CD6B262938C400F79036 /* WelcomeViewDelegate.swift in Sources */ = {isa = PBXBuildFile; fileRef = 6324CD6A262938C400F79036 /* WelcomeViewDelegate.swift */; };
		6324CD712629471400F79036 /* CountersBoardView.swift in Sources */ = {isa = PBXBuildFile; fileRef = 6324CD702629471400F79036 /* CountersBoardView.swift */; };
		6324CD7A2629479400F79036 /* CountersBoardNoContentView.swift in Sources */ = {isa = PBXBuildFile; fileRef = 6324CD792629479400F79036 /* CountersBoardNoContentView.swift */; };
		6324CD822629481F00F79036 /* CountersBoardNoContentViewDelegate.swift in Sources */ = {isa = PBXBuildFile; fileRef = 6324CD812629481F00F79036 /* CountersBoardNoContentViewDelegate.swift */; };
		6324CD8A2629487100F79036 /* CountersBoardViewController.swift in Sources */ = {isa = PBXBuildFile; fileRef = 6324CD892629487100F79036 /* CountersBoardViewController.swift */; };
		6324CD8F262948CE00F79036 /* CountersBoardViewDelegate.swift in Sources */ = {isa = PBXBuildFile; fileRef = 6324CD8E262948CE00F79036 /* CountersBoardViewDelegate.swift */; };
		6324CD97262948EE00F79036 /* CountersBoardViewPresenter.swift in Sources */ = {isa = PBXBuildFile; fileRef = 6324CD96262948EE00F79036 /* CountersBoardViewPresenter.swift */; };
		6324CDAF262A8EF700F79036 /* UIColor+Extension.swift in Sources */ = {isa = PBXBuildFile; fileRef = 6324CDAE262A8EF700F79036 /* UIColor+Extension.swift */; };
		6324CDB7262A938E00F79036 /* UIView+Extension.swift in Sources */ = {isa = PBXBuildFile; fileRef = 6324CDB6262A938E00F79036 /* UIView+Extension.swift */; };
		6324CDBD262A956400F79036 /* UIViewControllerPreviewContainer.swift in Sources */ = {isa = PBXBuildFile; fileRef = 6324CDBC262A956400F79036 /* UIViewControllerPreviewContainer.swift */; };
		6324CDC5262A959B00F79036 /* UIViewPreviewContainer.swift in Sources */ = {isa = PBXBuildFile; fileRef = 6324CDC4262A959B00F79036 /* UIViewPreviewContainer.swift */; };
		6324CDCA262A9D3100F79036 /* CounterCardView.swift in Sources */ = {isa = PBXBuildFile; fileRef = 6324CDC9262A9D3100F79036 /* CounterCardView.swift */; };
		638496D1262CF240002EB98F /* String+Extension.swift in Sources */ = {isa = PBXBuildFile; fileRef = 638496D0262CF240002EB98F /* String+Extension.swift */; };
		638496E3262E7485002EB98F /* CountersBoardStates.swift in Sources */ = {isa = PBXBuildFile; fileRef = 638496E2262E7485002EB98F /* CountersBoardStates.swift */; };
		63849709263137BB002EB98F /* CountersBoardLoadingView.swift in Sources */ = {isa = PBXBuildFile; fileRef = 63849708263137BB002EB98F /* CountersBoardLoadingView.swift */; };
		63849723263291BC002EB98F /* CounterModelProtocol.swift in Sources */ = {isa = PBXBuildFile; fileRef = 63849722263291BC002EB98F /* CounterModelProtocol.swift */; };
		63849739263296C4002EB98F /* CounterModel.swift in Sources */ = {isa = PBXBuildFile; fileRef = 63849738263296C4002EB98F /* CounterModel.swift */; };
		6384974726329CEB002EB98F /* KeyValueStorageProtocol.swift in Sources */ = {isa = PBXBuildFile; fileRef = 6384974626329CEB002EB98F /* KeyValueStorageProtocol.swift */; };
		63849761263398EB002EB98F /* CountersBoardTableView.swift in Sources */ = {isa = PBXBuildFile; fileRef = 63849760263398EB002EB98F /* CountersBoardTableView.swift */; };
		6384976926339E1A002EB98F /* CountersBoardTableViewCell.swift in Sources */ = {isa = PBXBuildFile; fileRef = 6384976826339E19002EB98F /* CountersBoardTableViewCell.swift */; };
		638497712634F1D5002EB98F /* CountersBoardTableViewConfigureDelegate.swift in Sources */ = {isa = PBXBuildFile; fileRef = 638497702634F1D3002EB98F /* CountersBoardTableViewConfigureDelegate.swift */; };
		6384977926353208002EB98F /* NetworkingClient.swift in Sources */ = {isa = PBXBuildFile; fileRef = 6384977826353208002EB98F /* NetworkingClient.swift */; };
		6384978126361D8D002EB98F /* Route.swift in Sources */ = {isa = PBXBuildFile; fileRef = 6384978026361D8B002EB98F /* Route.swift */; };
		6384978726361F70002EB98F /* Reachability.swift in Sources */ = {isa = PBXBuildFile; fileRef = 6384978626361F70002EB98F /* Reachability.swift */; };
		6384978F26362C1F002EB98F /* CounterRepository.swift in Sources */ = {isa = PBXBuildFile; fileRef = 6384978E26362C1F002EB98F /* CounterRepository.swift */; };
		6384979426363177002EB98F /* APIHandler.swift in Sources */ = {isa = PBXBuildFile; fileRef = 6384979326363177002EB98F /* APIHandler.swift */; };
		638497A226363B4A002EB98F /* NetworkingClientTests.swift in Sources */ = {isa = PBXBuildFile; fileRef = 638497A126363B4A002EB98F /* NetworkingClientTests.swift */; };
		638497AA26366912002EB98F /* NetworkingClientLoader.swift in Sources */ = {isa = PBXBuildFile; fileRef = 638497A926366912002EB98F /* NetworkingClientLoader.swift */; };
		638497B526367E3F002EB98F /* Repository.swift in Sources */ = {isa = PBXBuildFile; fileRef = 638497B426367E3F002EB98F /* Repository.swift */; };
		638497BA263682A9002EB98F /* JSONLoaderHelper.swift in Sources */ = {isa = PBXBuildFile; fileRef = 638497B9263682A9002EB98F /* JSONLoaderHelper.swift */; };
		638497C126368771002EB98F /* CounterJSONExample.json in Resources */ = {isa = PBXBuildFile; fileRef = 638497BF26368770002EB98F /* CounterJSONExample.json */; };
		638497C226368771002EB98F /* CountersJSONExample.json in Resources */ = {isa = PBXBuildFile; fileRef = 638497C026368770002EB98F /* CountersJSONExample.json */; };
		638497C8263689CD002EB98F /* CounterModelTests.swift in Sources */ = {isa = PBXBuildFile; fileRef = 638497C7263689CC002EB98F /* CounterModelTests.swift */; };
		638497D02636F9BB002EB98F /* NetworkingClientLoaderMock.swift in Sources */ = {isa = PBXBuildFile; fileRef = 638497CF2636F9BB002EB98F /* NetworkingClientLoaderMock.swift */; };
		638497DB263714D4002EB98F /* CounterRepositoryTests.swift in Sources */ = {isa = PBXBuildFile; fileRef = 638497DA263714D4002EB98F /* CounterRepositoryTests.swift */; };
		638497F12637D10C002EB98F /* AddCounterViewController.swift in Sources */ = {isa = PBXBuildFile; fileRef = 638497EF2637D10A002EB98F /* AddCounterViewController.swift */; };
		638497F22637D10C002EB98F /* AddCounterViewController.xib in Resources */ = {isa = PBXBuildFile; fileRef = 638497F02637D10A002EB98F /* AddCounterViewController.xib */; };
		638497F72637DCEC002EB98F /* AddCounterViewPresenter.swift in Sources */ = {isa = PBXBuildFile; fileRef = 638497F62637DCEC002EB98F /* AddCounterViewPresenter.swift */; };
		6384980B263D284B002EB98F /* ExamplesViewController.swift in Sources */ = {isa = PBXBuildFile; fileRef = 6384980A263D2845002EB98F /* ExamplesViewController.swift */; };
		63849813263D29A4002EB98F /* ExamplesViewModel.swift in Sources */ = {isa = PBXBuildFile; fileRef = 63849812263D29A4002EB98F /* ExamplesViewModel.swift */; };
		63849818263D29C5002EB98F /* ExamplesView.swift in Sources */ = {isa = PBXBuildFile; fileRef = 63849817263D29C5002EB98F /* ExamplesView.swift */; };
		6384981D263D2A32002EB98F /* ExamplesViewPresenter.swift in Sources */ = {isa = PBXBuildFile; fileRef = 6384981C263D2A32002EB98F /* ExamplesViewPresenter.swift */; };
		63A5A9C6262AB3DF004E5A6D /* SF-Pro-Rounded-Semibold.otf in Resources */ = {isa = PBXBuildFile; fileRef = 63A5A9C5262AB3DF004E5A6D /* SF-Pro-Rounded-Semibold.otf */; };
		63B1E258263E61C20095BB5B /* ExampleCellView.swift in Sources */ = {isa = PBXBuildFile; fileRef = 63B1E256263E61C20095BB5B /* ExampleCellView.swift */; };
		63B1E259263E61C20095BB5B /* ExampleHeaderCellView.swift in Sources */ = {isa = PBXBuildFile; fileRef = 63B1E257263E61C20095BB5B /* ExampleHeaderCellView.swift */; };
		DE3EBACC25E048CE00DA1E0D /* Button.swift in Sources */ = {isa = PBXBuildFile; fileRef = DE3EBACB25E048CE00DA1E0D /* Button.swift */; };
		DECA256C25CC8D4200851431 /* AppDelegate.swift in Sources */ = {isa = PBXBuildFile; fileRef = DECA256B25CC8D4200851431 /* AppDelegate.swift */; };
		DECA257025CC8D4200851431 /* WelcomeViewController.swift in Sources */ = {isa = PBXBuildFile; fileRef = DECA256F25CC8D4200851431 /* WelcomeViewController.swift */; };
		DECA257525CC8D4300851431 /* Assets.xcassets in Resources */ = {isa = PBXBuildFile; fileRef = DECA257425CC8D4300851431 /* Assets.xcassets */; };
		DECA257825CC8D4300851431 /* LaunchScreen.storyboard in Resources */ = {isa = PBXBuildFile; fileRef = DECA257625CC8D4300851431 /* LaunchScreen.storyboard */; };
		DECA258E25CC8D4300851431 /* CountersUITests.swift in Sources */ = {isa = PBXBuildFile; fileRef = DECA258D25CC8D4300851431 /* CountersUITests.swift */; };
		DEED7FCE25CC975D00BA0CDB /* Localizable.strings in Resources */ = {isa = PBXBuildFile; fileRef = DEED7FD025CC975D00BA0CDB /* Localizable.strings */; };
/* End PBXBuildFile section */

/* Begin PBXContainerItemProxy section */
		DECA257F25CC8D4300851431 /* PBXContainerItemProxy */ = {
			isa = PBXContainerItemProxy;
			containerPortal = DECA256025CC8D4200851431 /* Project object */;
			proxyType = 1;
			remoteGlobalIDString = DECA256725CC8D4200851431;
			remoteInfo = Counters;
		};
		DECA258A25CC8D4300851431 /* PBXContainerItemProxy */ = {
			isa = PBXContainerItemProxy;
			containerPortal = DECA256025CC8D4200851431 /* Project object */;
			proxyType = 1;
			remoteGlobalIDString = DECA256725CC8D4200851431;
			remoteInfo = Counters;
		};
/* End PBXContainerItemProxy section */

/* Begin PBXFileReference section */
		350AF6D825E02D5E0000F698 /* WelcomeView.swift */ = {isa = PBXFileReference; lastKnownFileType = sourcecode.swift; path = WelcomeView.swift; sourceTree = "<group>"; };
		350AF6E325E035840000F698 /* WelcomeFeatureView.swift */ = {isa = PBXFileReference; lastKnownFileType = sourcecode.swift; path = WelcomeFeatureView.swift; sourceTree = "<group>"; };
		350AF6EC25E0365A0000F698 /* UIImage+Badge.swift */ = {isa = PBXFileReference; lastKnownFileType = sourcecode.swift; path = "UIImage+Badge.swift"; sourceTree = "<group>"; };
		35868D2725E03F090028AF1D /* WelcomeViewPresenter.swift */ = {isa = PBXFileReference; lastKnownFileType = sourcecode.swift; path = WelcomeViewPresenter.swift; sourceTree = "<group>"; };
		35EAFB7625CC9E3A00DCFE10 /* Counters-Bridging-Header.h */ = {isa = PBXFileReference; lastKnownFileType = sourcecode.c.h; path = "Counters-Bridging-Header.h"; sourceTree = "<group>"; };
		35EAFB7725CC9E3B00DCFE10 /* Networking.h */ = {isa = PBXFileReference; fileEncoding = 4; lastKnownFileType = sourcecode.c.h; path = Networking.h; sourceTree = "<group>"; };
		35EAFB7825CC9E3B00DCFE10 /* Networking.m */ = {isa = PBXFileReference; fileEncoding = 4; lastKnownFileType = sourcecode.c.objc; path = Networking.m; sourceTree = "<group>"; };
		6324CD5D2629364A00F79036 /* CoordinatorProtocol.swift */ = {isa = PBXFileReference; lastKnownFileType = sourcecode.swift; path = CoordinatorProtocol.swift; sourceTree = "<group>"; };
		6324CD652629368B00F79036 /* MainCoordinator.swift */ = {isa = PBXFileReference; lastKnownFileType = sourcecode.swift; path = MainCoordinator.swift; sourceTree = "<group>"; };
		6324CD6A262938C400F79036 /* WelcomeViewDelegate.swift */ = {isa = PBXFileReference; lastKnownFileType = sourcecode.swift; path = WelcomeViewDelegate.swift; sourceTree = "<group>"; };
		6324CD702629471400F79036 /* CountersBoardView.swift */ = {isa = PBXFileReference; lastKnownFileType = sourcecode.swift; path = CountersBoardView.swift; sourceTree = "<group>"; };
		6324CD792629479400F79036 /* CountersBoardNoContentView.swift */ = {isa = PBXFileReference; lastKnownFileType = sourcecode.swift; path = CountersBoardNoContentView.swift; sourceTree = "<group>"; };
		6324CD812629481F00F79036 /* CountersBoardNoContentViewDelegate.swift */ = {isa = PBXFileReference; lastKnownFileType = sourcecode.swift; path = CountersBoardNoContentViewDelegate.swift; sourceTree = "<group>"; };
		6324CD892629487100F79036 /* CountersBoardViewController.swift */ = {isa = PBXFileReference; lastKnownFileType = sourcecode.swift; path = CountersBoardViewController.swift; sourceTree = "<group>"; };
		6324CD8E262948CE00F79036 /* CountersBoardViewDelegate.swift */ = {isa = PBXFileReference; lastKnownFileType = sourcecode.swift; path = CountersBoardViewDelegate.swift; sourceTree = "<group>"; };
		6324CD96262948EE00F79036 /* CountersBoardViewPresenter.swift */ = {isa = PBXFileReference; lastKnownFileType = sourcecode.swift; path = CountersBoardViewPresenter.swift; sourceTree = "<group>"; };
		6324CDAE262A8EF700F79036 /* UIColor+Extension.swift */ = {isa = PBXFileReference; lastKnownFileType = sourcecode.swift; path = "UIColor+Extension.swift"; sourceTree = "<group>"; };
		6324CDB6262A938E00F79036 /* UIView+Extension.swift */ = {isa = PBXFileReference; lastKnownFileType = sourcecode.swift; path = "UIView+Extension.swift"; sourceTree = "<group>"; };
		6324CDBC262A956400F79036 /* UIViewControllerPreviewContainer.swift */ = {isa = PBXFileReference; lastKnownFileType = sourcecode.swift; path = UIViewControllerPreviewContainer.swift; sourceTree = "<group>"; };
		6324CDC4262A959B00F79036 /* UIViewPreviewContainer.swift */ = {isa = PBXFileReference; lastKnownFileType = sourcecode.swift; path = UIViewPreviewContainer.swift; sourceTree = "<group>"; };
		6324CDC9262A9D3100F79036 /* CounterCardView.swift */ = {isa = PBXFileReference; lastKnownFileType = sourcecode.swift; path = CounterCardView.swift; sourceTree = "<group>"; };
		638496D0262CF240002EB98F /* String+Extension.swift */ = {isa = PBXFileReference; lastKnownFileType = sourcecode.swift; path = "String+Extension.swift"; sourceTree = "<group>"; };
		638496E2262E7485002EB98F /* CountersBoardStates.swift */ = {isa = PBXFileReference; lastKnownFileType = sourcecode.swift; path = CountersBoardStates.swift; sourceTree = "<group>"; };
		63849708263137BB002EB98F /* CountersBoardLoadingView.swift */ = {isa = PBXFileReference; lastKnownFileType = sourcecode.swift; path = CountersBoardLoadingView.swift; sourceTree = "<group>"; };
		63849722263291BC002EB98F /* CounterModelProtocol.swift */ = {isa = PBXFileReference; lastKnownFileType = sourcecode.swift; path = CounterModelProtocol.swift; sourceTree = "<group>"; };
		63849738263296C4002EB98F /* CounterModel.swift */ = {isa = PBXFileReference; lastKnownFileType = sourcecode.swift; path = CounterModel.swift; sourceTree = "<group>"; };
		6384974626329CEB002EB98F /* KeyValueStorageProtocol.swift */ = {isa = PBXFileReference; lastKnownFileType = sourcecode.swift; path = KeyValueStorageProtocol.swift; sourceTree = "<group>"; };
		63849760263398EB002EB98F /* CountersBoardTableView.swift */ = {isa = PBXFileReference; lastKnownFileType = sourcecode.swift; path = CountersBoardTableView.swift; sourceTree = "<group>"; };
		6384976826339E19002EB98F /* CountersBoardTableViewCell.swift */ = {isa = PBXFileReference; lastKnownFileType = sourcecode.swift; path = CountersBoardTableViewCell.swift; sourceTree = "<group>"; };
		638497702634F1D3002EB98F /* CountersBoardTableViewConfigureDelegate.swift */ = {isa = PBXFileReference; lastKnownFileType = sourcecode.swift; path = CountersBoardTableViewConfigureDelegate.swift; sourceTree = "<group>"; };
		6384977826353208002EB98F /* NetworkingClient.swift */ = {isa = PBXFileReference; lastKnownFileType = sourcecode.swift; path = NetworkingClient.swift; sourceTree = "<group>"; };
		6384978026361D8B002EB98F /* Route.swift */ = {isa = PBXFileReference; lastKnownFileType = sourcecode.swift; path = Route.swift; sourceTree = "<group>"; };
		6384978626361F70002EB98F /* Reachability.swift */ = {isa = PBXFileReference; lastKnownFileType = sourcecode.swift; path = Reachability.swift; sourceTree = "<group>"; };
		6384978E26362C1F002EB98F /* CounterRepository.swift */ = {isa = PBXFileReference; lastKnownFileType = sourcecode.swift; path = CounterRepository.swift; sourceTree = "<group>"; };
		6384979326363177002EB98F /* APIHandler.swift */ = {isa = PBXFileReference; lastKnownFileType = sourcecode.swift; path = APIHandler.swift; sourceTree = "<group>"; };
		638497A126363B4A002EB98F /* NetworkingClientTests.swift */ = {isa = PBXFileReference; lastKnownFileType = sourcecode.swift; path = NetworkingClientTests.swift; sourceTree = "<group>"; };
		638497A926366912002EB98F /* NetworkingClientLoader.swift */ = {isa = PBXFileReference; lastKnownFileType = sourcecode.swift; path = NetworkingClientLoader.swift; sourceTree = "<group>"; };
		638497B426367E3F002EB98F /* Repository.swift */ = {isa = PBXFileReference; lastKnownFileType = sourcecode.swift; path = Repository.swift; sourceTree = "<group>"; };
		638497B9263682A9002EB98F /* JSONLoaderHelper.swift */ = {isa = PBXFileReference; lastKnownFileType = sourcecode.swift; path = JSONLoaderHelper.swift; sourceTree = "<group>"; };
		638497BF26368770002EB98F /* CounterJSONExample.json */ = {isa = PBXFileReference; fileEncoding = 4; lastKnownFileType = text.json; path = CounterJSONExample.json; sourceTree = "<group>"; };
		638497C026368770002EB98F /* CountersJSONExample.json */ = {isa = PBXFileReference; fileEncoding = 4; lastKnownFileType = text.json; path = CountersJSONExample.json; sourceTree = "<group>"; };
		638497C7263689CC002EB98F /* CounterModelTests.swift */ = {isa = PBXFileReference; lastKnownFileType = sourcecode.swift; path = CounterModelTests.swift; sourceTree = "<group>"; };
		638497CF2636F9BB002EB98F /* NetworkingClientLoaderMock.swift */ = {isa = PBXFileReference; lastKnownFileType = sourcecode.swift; path = NetworkingClientLoaderMock.swift; sourceTree = "<group>"; };
		638497DA263714D4002EB98F /* CounterRepositoryTests.swift */ = {isa = PBXFileReference; lastKnownFileType = sourcecode.swift; path = CounterRepositoryTests.swift; sourceTree = "<group>"; };
		638497EF2637D10A002EB98F /* AddCounterViewController.swift */ = {isa = PBXFileReference; lastKnownFileType = sourcecode.swift; path = AddCounterViewController.swift; sourceTree = "<group>"; };
		638497F02637D10A002EB98F /* AddCounterViewController.xib */ = {isa = PBXFileReference; lastKnownFileType = file.xib; path = AddCounterViewController.xib; sourceTree = "<group>"; };
		638497F62637DCEC002EB98F /* AddCounterViewPresenter.swift */ = {isa = PBXFileReference; lastKnownFileType = sourcecode.swift; path = AddCounterViewPresenter.swift; sourceTree = "<group>"; };
		6384980A263D2845002EB98F /* ExamplesViewController.swift */ = {isa = PBXFileReference; lastKnownFileType = sourcecode.swift; path = ExamplesViewController.swift; sourceTree = "<group>"; };
		63849812263D29A4002EB98F /* ExamplesViewModel.swift */ = {isa = PBXFileReference; lastKnownFileType = sourcecode.swift; path = ExamplesViewModel.swift; sourceTree = "<group>"; };
		63849817263D29C5002EB98F /* ExamplesView.swift */ = {isa = PBXFileReference; lastKnownFileType = sourcecode.swift; path = ExamplesView.swift; sourceTree = "<group>"; };
		6384981C263D2A32002EB98F /* ExamplesViewPresenter.swift */ = {isa = PBXFileReference; lastKnownFileType = sourcecode.swift; path = ExamplesViewPresenter.swift; sourceTree = "<group>"; };
		63A5A9C5262AB3DF004E5A6D /* SF-Pro-Rounded-Semibold.otf */ = {isa = PBXFileReference; lastKnownFileType = file; path = "SF-Pro-Rounded-Semibold.otf"; sourceTree = "<group>"; };
		63B1E256263E61C20095BB5B /* ExampleCellView.swift */ = {isa = PBXFileReference; fileEncoding = 4; lastKnownFileType = sourcecode.swift; path = ExampleCellView.swift; sourceTree = "<group>"; };
		63B1E257263E61C20095BB5B /* ExampleHeaderCellView.swift */ = {isa = PBXFileReference; fileEncoding = 4; lastKnownFileType = sourcecode.swift; path = ExampleHeaderCellView.swift; sourceTree = "<group>"; };
		DE3EBACB25E048CE00DA1E0D /* Button.swift */ = {isa = PBXFileReference; lastKnownFileType = sourcecode.swift; path = Button.swift; sourceTree = "<group>"; };
		DECA256825CC8D4200851431 /* Counters.app */ = {isa = PBXFileReference; explicitFileType = wrapper.application; includeInIndex = 0; path = Counters.app; sourceTree = BUILT_PRODUCTS_DIR; };
		DECA256B25CC8D4200851431 /* AppDelegate.swift */ = {isa = PBXFileReference; lastKnownFileType = sourcecode.swift; path = AppDelegate.swift; sourceTree = "<group>"; };
		DECA256F25CC8D4200851431 /* WelcomeViewController.swift */ = {isa = PBXFileReference; lastKnownFileType = sourcecode.swift; path = WelcomeViewController.swift; sourceTree = "<group>"; };
		DECA257425CC8D4300851431 /* Assets.xcassets */ = {isa = PBXFileReference; lastKnownFileType = folder.assetcatalog; path = Assets.xcassets; sourceTree = "<group>"; };
		DECA257725CC8D4300851431 /* Base */ = {isa = PBXFileReference; lastKnownFileType = file.storyboard; name = Base; path = Base.lproj/LaunchScreen.storyboard; sourceTree = "<group>"; };
		DECA257925CC8D4300851431 /* Info.plist */ = {isa = PBXFileReference; lastKnownFileType = text.plist.xml; path = Info.plist; sourceTree = "<group>"; };
		DECA257E25CC8D4300851431 /* CountersTests.xctest */ = {isa = PBXFileReference; explicitFileType = wrapper.cfbundle; includeInIndex = 0; path = CountersTests.xctest; sourceTree = BUILT_PRODUCTS_DIR; };
		DECA258425CC8D4300851431 /* Info.plist */ = {isa = PBXFileReference; lastKnownFileType = text.plist.xml; path = Info.plist; sourceTree = "<group>"; };
		DECA258925CC8D4300851431 /* CountersUITests.xctest */ = {isa = PBXFileReference; explicitFileType = wrapper.cfbundle; includeInIndex = 0; path = CountersUITests.xctest; sourceTree = BUILT_PRODUCTS_DIR; };
		DECA258D25CC8D4300851431 /* CountersUITests.swift */ = {isa = PBXFileReference; lastKnownFileType = sourcecode.swift; path = CountersUITests.swift; sourceTree = "<group>"; };
		DECA258F25CC8D4300851431 /* Info.plist */ = {isa = PBXFileReference; lastKnownFileType = text.plist.xml; path = Info.plist; sourceTree = "<group>"; };
		DEED7FCF25CC975D00BA0CDB /* en */ = {isa = PBXFileReference; lastKnownFileType = text.plist.strings; name = en; path = en.lproj/Localizable.strings; sourceTree = "<group>"; };
/* End PBXFileReference section */

/* Begin PBXFrameworksBuildPhase section */
		DECA256525CC8D4200851431 /* Frameworks */ = {
			isa = PBXFrameworksBuildPhase;
			buildActionMask = 2147483647;
			files = (
			);
			runOnlyForDeploymentPostprocessing = 0;
		};
		DECA257B25CC8D4300851431 /* Frameworks */ = {
			isa = PBXFrameworksBuildPhase;
			buildActionMask = 2147483647;
			files = (
			);
			runOnlyForDeploymentPostprocessing = 0;
		};
		DECA258625CC8D4300851431 /* Frameworks */ = {
			isa = PBXFrameworksBuildPhase;
			buildActionMask = 2147483647;
			files = (
			);
			runOnlyForDeploymentPostprocessing = 0;
		};
/* End PBXFrameworksBuildPhase section */

/* Begin PBXGroup section */
		350AF6E225E035750000F698 /* Views */ = {
			isa = PBXGroup;
			children = (
				350AF6E325E035840000F698 /* WelcomeFeatureView.swift */,
			);
			path = Views;
			sourceTree = "<group>";
		};
		35EAFB7425CC9E0800DCFE10 /* Services */ = {
			isa = PBXGroup;
			children = (
				35EAFB7525CC9E1F00DCFE10 /* Networking */,
			);
			path = Services;
			sourceTree = "<group>";
		};
		35EAFB7525CC9E1F00DCFE10 /* Networking */ = {
			isa = PBXGroup;
			children = (
				638497BE263686AE002EB98F /* JSON */,
				6384978526361F57002EB98F /* Utils */,
				6384979326363177002EB98F /* APIHandler.swift */,
				35EAFB7725CC9E3B00DCFE10 /* Networking.h */,
				35EAFB7825CC9E3B00DCFE10 /* Networking.m */,
				6384977826353208002EB98F /* NetworkingClient.swift */,
				638497A926366912002EB98F /* NetworkingClientLoader.swift */,
				6384978026361D8B002EB98F /* Route.swift */,
			);
			path = Networking;
			sourceTree = "<group>";
		};
		6324CD5C2629362400F79036 /* Coordinators */ = {
			isa = PBXGroup;
			children = (
				6324CD5D2629364A00F79036 /* CoordinatorProtocol.swift */,
				6324CD652629368B00F79036 /* MainCoordinator.swift */,
			);
			path = Coordinators;
			sourceTree = "<group>";
		};
		6324CD6F262946DD00F79036 /* CountersBoard */ = {
			isa = PBXGroup;
			children = (
				638496E1262E7467002EB98F /* States */,
				6324CD782629477800F79036 /* Views */,
				6324CD702629471400F79036 /* CountersBoardView.swift */,
				6324CD892629487100F79036 /* CountersBoardViewController.swift */,
				6324CD8E262948CE00F79036 /* CountersBoardViewDelegate.swift */,
				6324CD96262948EE00F79036 /* CountersBoardViewPresenter.swift */,
			);
			path = CountersBoard;
			sourceTree = "<group>";
		};
		6324CD782629477800F79036 /* Views */ = {
			isa = PBXGroup;
			children = (
				6384975F263396E4002EB98F /* CountersBoardTableView */,
				638497542633969D002EB98F /* CountersBoardLoadingView */,
				63849755263396B4002EB98F /* CountersBoardNoContentView */,
			);
			path = Views;
			sourceTree = "<group>";
		};
		6324CDAD262A8EA000F79036 /* Extensions */ = {
			isa = PBXGroup;
			children = (
				6324CDAE262A8EF700F79036 /* UIColor+Extension.swift */,
				6324CDB6262A938E00F79036 /* UIView+Extension.swift */,
				350AF6EC25E0365A0000F698 /* UIImage+Badge.swift */,
				638496D0262CF240002EB98F /* String+Extension.swift */,
			);
			path = Extensions;
			sourceTree = "<group>";
		};
		6324CDBB262A952B00F79036 /* Preview */ = {
			isa = PBXGroup;
			children = (
				6324CDBC262A956400F79036 /* UIViewControllerPreviewContainer.swift */,
				6324CDC4262A959B00F79036 /* UIViewPreviewContainer.swift */,
			);
			path = Preview;
			sourceTree = "<group>";
		};
		638496E1262E7467002EB98F /* States */ = {
			isa = PBXGroup;
			children = (
				638496E2262E7485002EB98F /* CountersBoardStates.swift */,
			);
			path = States;
			sourceTree = "<group>";
		};
		638497212632917F002EB98F /* Model */ = {
			isa = PBXGroup;
			children = (
				6384974526329C13002EB98F /* KeyValueStorage */,
				63849738263296C4002EB98F /* CounterModel.swift */,
				63849722263291BC002EB98F /* CounterModelProtocol.swift */,
				6384978E26362C1F002EB98F /* CounterRepository.swift */,
				638497B426367E3F002EB98F /* Repository.swift */,
			);
			path = Model;
			sourceTree = "<group>";
		};
		6384974526329C13002EB98F /* KeyValueStorage */ = {
			isa = PBXGroup;
			children = (
				6384974626329CEB002EB98F /* KeyValueStorageProtocol.swift */,
			);
			path = KeyValueStorage;
			sourceTree = "<group>";
		};
		638497542633969D002EB98F /* CountersBoardLoadingView */ = {
			isa = PBXGroup;
			children = (
				63849708263137BB002EB98F /* CountersBoardLoadingView.swift */,
			);
			path = CountersBoardLoadingView;
			sourceTree = "<group>";
		};
		63849755263396B4002EB98F /* CountersBoardNoContentView */ = {
			isa = PBXGroup;
			children = (
				6324CD792629479400F79036 /* CountersBoardNoContentView.swift */,
				6324CD812629481F00F79036 /* CountersBoardNoContentViewDelegate.swift */,
			);
			path = CountersBoardNoContentView;
			sourceTree = "<group>";
		};
		6384975F263396E4002EB98F /* CountersBoardTableView */ = {
			isa = PBXGroup;
			children = (
				63849760263398EB002EB98F /* CountersBoardTableView.swift */,
				6384976826339E19002EB98F /* CountersBoardTableViewCell.swift */,
				638497702634F1D3002EB98F /* CountersBoardTableViewConfigureDelegate.swift */,
			);
			path = CountersBoardTableView;
			sourceTree = "<group>";
		};
		6384978526361F57002EB98F /* Utils */ = {
			isa = PBXGroup;
			children = (
				6384978626361F70002EB98F /* Reachability.swift */,
				638497B9263682A9002EB98F /* JSONLoaderHelper.swift */,
			);
			path = Utils;
			sourceTree = "<group>";
		};
		6384979E26363991002EB98F /* Application */ = {
			isa = PBXGroup;
			children = (
				638497C626368995002EB98F /* Model */,
				6384979F2636399C002EB98F /* Services */,
			);
			path = Application;
			sourceTree = "<group>";
		};
		6384979F2636399C002EB98F /* Services */ = {
			isa = PBXGroup;
			children = (
				638497A0263639A4002EB98F /* Networking */,
			);
			path = Services;
			sourceTree = "<group>";
		};
		638497A0263639A4002EB98F /* Networking */ = {
			isa = PBXGroup;
			children = (
				638497CF2636F9BB002EB98F /* NetworkingClientLoaderMock.swift */,
				638497A126363B4A002EB98F /* NetworkingClientTests.swift */,
			);
			path = Networking;
			sourceTree = "<group>";
		};
		638497BE263686AE002EB98F /* JSON */ = {
			isa = PBXGroup;
			children = (
				638497BF26368770002EB98F /* CounterJSONExample.json */,
				638497C026368770002EB98F /* CountersJSONExample.json */,
			);
			path = JSON;
			sourceTree = "<group>";
		};
		638497C626368995002EB98F /* Model */ = {
			isa = PBXGroup;
			children = (
				638497C7263689CC002EB98F /* CounterModelTests.swift */,
				638497DA263714D4002EB98F /* CounterRepositoryTests.swift */,
			);
			path = Model;
			sourceTree = "<group>";
		};
		638497EE2637D036002EB98F /* AddCounter */ = {
			isa = PBXGroup;
			children = (
				638497EF2637D10A002EB98F /* AddCounterViewController.swift */,
				638497F02637D10A002EB98F /* AddCounterViewController.xib */,
				638497F62637DCEC002EB98F /* AddCounterViewPresenter.swift */,
			);
			path = AddCounter;
			sourceTree = "<group>";
		};
		63849809263D18E6002EB98F /* CountersExamples */ = {
			isa = PBXGroup;
			children = (
				63B1E24F263E57120095BB5B /* ExampleCell */,
				63849817263D29C5002EB98F /* ExamplesView.swift */,
				6384980A263D2845002EB98F /* ExamplesViewController.swift */,
				63849812263D29A4002EB98F /* ExamplesViewModel.swift */,
				6384981C263D2A32002EB98F /* ExamplesViewPresenter.swift */,
			);
			path = CountersExamples;
			sourceTree = "<group>";
		};
		63A5A9C4262AB17D004E5A6D /* Fonts */ = {
			isa = PBXGroup;
			children = (
				63A5A9C5262AB3DF004E5A6D /* SF-Pro-Rounded-Semibold.otf */,
			);
			path = Fonts;
			sourceTree = "<group>";
		};
		63B1E24F263E57120095BB5B /* ExampleCell */ = {
			isa = PBXGroup;
			children = (
				63B1E256263E61C20095BB5B /* ExampleCellView.swift */,
				63B1E257263E61C20095BB5B /* ExampleHeaderCellView.swift */,
			);
			path = ExampleCell;
			sourceTree = "<group>";
		};
		DE3EBACA25E048C200DA1E0D /* UIComponents */ = {
			isa = PBXGroup;
			children = (
				6324CDBB262A952B00F79036 /* Preview */,
				6324CDAD262A8EA000F79036 /* Extensions */,
				DE3EBACB25E048CE00DA1E0D /* Button.swift */,
				6324CDC9262A9D3100F79036 /* CounterCardView.swift */,
			);
			path = UIComponents;
			sourceTree = "<group>";
		};
		DECA255F25CC8D4200851431 = {
			isa = PBXGroup;
			children = (
				DECA256A25CC8D4200851431 /* Counters */,
				DECA258125CC8D4300851431 /* CountersTests */,
				DECA258C25CC8D4300851431 /* CountersUITests */,
				DECA256925CC8D4200851431 /* Products */,
			);
			sourceTree = "<group>";
		};
		DECA256925CC8D4200851431 /* Products */ = {
			isa = PBXGroup;
			children = (
				DECA256825CC8D4200851431 /* Counters.app */,
				DECA257E25CC8D4300851431 /* CountersTests.xctest */,
				DECA258925CC8D4300851431 /* CountersUITests.xctest */,
			);
			name = Products;
			sourceTree = "<group>";
		};
		DECA256A25CC8D4200851431 /* Counters */ = {
			isa = PBXGroup;
			children = (
				DECA25AA25CC8FD600851431 /* Application */,
				DECA25AC25CC900C00851431 /* Config */,
				DECA25AB25CC900000851431 /* Resources */,
			);
			path = Counters;
			sourceTree = "<group>";
		};
		DECA258125CC8D4300851431 /* CountersTests */ = {
			isa = PBXGroup;
			children = (
				6384979E26363991002EB98F /* Application */,
				DECA258425CC8D4300851431 /* Info.plist */,
			);
			path = CountersTests;
			sourceTree = "<group>";
		};
		DECA258C25CC8D4300851431 /* CountersUITests */ = {
			isa = PBXGroup;
			children = (
				DECA258D25CC8D4300851431 /* CountersUITests.swift */,
				DECA258F25CC8D4300851431 /* Info.plist */,
			);
			path = CountersUITests;
			sourceTree = "<group>";
		};
		DECA25AA25CC8FD600851431 /* Application */ = {
			isa = PBXGroup;
			children = (
				63849809263D18E6002EB98F /* CountersExamples */,
				638497EE2637D036002EB98F /* AddCounter */,
				638497212632917F002EB98F /* Model */,
				DE3EBACA25E048C200DA1E0D /* UIComponents */,
				6324CD5C2629362400F79036 /* Coordinators */,
				6324CD6F262946DD00F79036 /* CountersBoard */,
				35EAFB7425CC9E0800DCFE10 /* Services */,
				DECA25AE25CC908800851431 /* AppDelegate */,
				DECA25AD25CC906700851431 /* Launch */,
				DECA25B225CC910100851431 /* Welcome */,
			);
			path = Application;
			sourceTree = "<group>";
		};
		DECA25AB25CC900000851431 /* Resources */ = {
			isa = PBXGroup;
			children = (
				63A5A9C4262AB17D004E5A6D /* Fonts */,
				DECA257425CC8D4300851431 /* Assets.xcassets */,
				DEED7FD025CC975D00BA0CDB /* Localizable.strings */,
			);
			path = Resources;
			sourceTree = "<group>";
		};
		DECA25AC25CC900C00851431 /* Config */ = {
			isa = PBXGroup;
			children = (
				35EAFB7625CC9E3A00DCFE10 /* Counters-Bridging-Header.h */,
				DECA257925CC8D4300851431 /* Info.plist */,
			);
			path = Config;
			sourceTree = "<group>";
		};
		DECA25AD25CC906700851431 /* Launch */ = {
			isa = PBXGroup;
			children = (
				DECA257625CC8D4300851431 /* LaunchScreen.storyboard */,
			);
			path = Launch;
			sourceTree = "<group>";
		};
		DECA25AE25CC908800851431 /* AppDelegate */ = {
			isa = PBXGroup;
			children = (
				DECA256B25CC8D4200851431 /* AppDelegate.swift */,
			);
			path = AppDelegate;
			sourceTree = "<group>";
		};
		DECA25B225CC910100851431 /* Welcome */ = {
			isa = PBXGroup;
			children = (
				350AF6E225E035750000F698 /* Views */,
				350AF6D825E02D5E0000F698 /* WelcomeView.swift */,
				DECA256F25CC8D4200851431 /* WelcomeViewController.swift */,
				6324CD6A262938C400F79036 /* WelcomeViewDelegate.swift */,
				35868D2725E03F090028AF1D /* WelcomeViewPresenter.swift */,
			);
			path = Welcome;
			sourceTree = "<group>";
		};
/* End PBXGroup section */

/* Begin PBXNativeTarget section */
		DECA256725CC8D4200851431 /* Counters */ = {
			isa = PBXNativeTarget;
			buildConfigurationList = DECA259225CC8D4300851431 /* Build configuration list for PBXNativeTarget "Counters" */;
			buildPhases = (
				DECA256425CC8D4200851431 /* Sources */,
				DECA256525CC8D4200851431 /* Frameworks */,
				DECA256625CC8D4200851431 /* Resources */,
			);
			buildRules = (
			);
			dependencies = (
			);
			name = Counters;
			productName = Counters;
			productReference = DECA256825CC8D4200851431 /* Counters.app */;
			productType = "com.apple.product-type.application";
		};
		DECA257D25CC8D4300851431 /* CountersTests */ = {
			isa = PBXNativeTarget;
			buildConfigurationList = DECA259525CC8D4300851431 /* Build configuration list for PBXNativeTarget "CountersTests" */;
			buildPhases = (
				DECA257A25CC8D4300851431 /* Sources */,
				DECA257B25CC8D4300851431 /* Frameworks */,
				DECA257C25CC8D4300851431 /* Resources */,
			);
			buildRules = (
			);
			dependencies = (
				DECA258025CC8D4300851431 /* PBXTargetDependency */,
			);
			name = CountersTests;
			productName = CountersTests;
			productReference = DECA257E25CC8D4300851431 /* CountersTests.xctest */;
			productType = "com.apple.product-type.bundle.unit-test";
		};
		DECA258825CC8D4300851431 /* CountersUITests */ = {
			isa = PBXNativeTarget;
			buildConfigurationList = DECA259825CC8D4300851431 /* Build configuration list for PBXNativeTarget "CountersUITests" */;
			buildPhases = (
				DECA258525CC8D4300851431 /* Sources */,
				DECA258625CC8D4300851431 /* Frameworks */,
				DECA258725CC8D4300851431 /* Resources */,
			);
			buildRules = (
			);
			dependencies = (
				DECA258B25CC8D4300851431 /* PBXTargetDependency */,
			);
			name = CountersUITests;
			productName = CountersUITests;
			productReference = DECA258925CC8D4300851431 /* CountersUITests.xctest */;
			productType = "com.apple.product-type.bundle.ui-testing";
		};
/* End PBXNativeTarget section */

/* Begin PBXProject section */
		DECA256025CC8D4200851431 /* Project object */ = {
			isa = PBXProject;
			attributes = {
				LastSwiftUpdateCheck = 1240;
				LastUpgradeCheck = 1240;
				TargetAttributes = {
					DECA256725CC8D4200851431 = {
						CreatedOnToolsVersion = 12.4;
						LastSwiftMigration = 1240;
					};
					DECA257D25CC8D4300851431 = {
						CreatedOnToolsVersion = 12.4;
						TestTargetID = DECA256725CC8D4200851431;
					};
					DECA258825CC8D4300851431 = {
						CreatedOnToolsVersion = 12.4;
						TestTargetID = DECA256725CC8D4200851431;
					};
				};
			};
			buildConfigurationList = DECA256325CC8D4200851431 /* Build configuration list for PBXProject "Counters" */;
			compatibilityVersion = "Xcode 9.3";
			developmentRegion = en;
			hasScannedForEncodings = 0;
			knownRegions = (
				en,
				Base,
			);
			mainGroup = DECA255F25CC8D4200851431;
			productRefGroup = DECA256925CC8D4200851431 /* Products */;
			projectDirPath = "";
			projectRoot = "";
			targets = (
				DECA256725CC8D4200851431 /* Counters */,
				DECA257D25CC8D4300851431 /* CountersTests */,
				DECA258825CC8D4300851431 /* CountersUITests */,
			);
		};
/* End PBXProject section */

/* Begin PBXResourcesBuildPhase section */
		DECA256625CC8D4200851431 /* Resources */ = {
			isa = PBXResourcesBuildPhase;
			buildActionMask = 2147483647;
			files = (
				638497C126368771002EB98F /* CounterJSONExample.json in Resources */,
				638497F22637D10C002EB98F /* AddCounterViewController.xib in Resources */,
				DECA257825CC8D4300851431 /* LaunchScreen.storyboard in Resources */,
				DEED7FCE25CC975D00BA0CDB /* Localizable.strings in Resources */,
				DECA257525CC8D4300851431 /* Assets.xcassets in Resources */,
				63A5A9C6262AB3DF004E5A6D /* SF-Pro-Rounded-Semibold.otf in Resources */,
				638497C226368771002EB98F /* CountersJSONExample.json in Resources */,
			);
			runOnlyForDeploymentPostprocessing = 0;
		};
		DECA257C25CC8D4300851431 /* Resources */ = {
			isa = PBXResourcesBuildPhase;
			buildActionMask = 2147483647;
			files = (
			);
			runOnlyForDeploymentPostprocessing = 0;
		};
		DECA258725CC8D4300851431 /* Resources */ = {
			isa = PBXResourcesBuildPhase;
			buildActionMask = 2147483647;
			files = (
			);
			runOnlyForDeploymentPostprocessing = 0;
		};
/* End PBXResourcesBuildPhase section */

/* Begin PBXSourcesBuildPhase section */
		DECA256425CC8D4200851431 /* Sources */ = {
			isa = PBXSourcesBuildPhase;
			buildActionMask = 2147483647;
			files = (
				6324CD712629471400F79036 /* CountersBoardView.swift in Sources */,
				6384980B263D284B002EB98F /* ExamplesViewController.swift in Sources */,
				35868D2825E03F090028AF1D /* WelcomeViewPresenter.swift in Sources */,
				6324CD8A2629487100F79036 /* CountersBoardViewController.swift in Sources */,
				6324CDAF262A8EF700F79036 /* UIColor+Extension.swift in Sources */,
				63849813263D29A4002EB98F /* ExamplesViewModel.swift in Sources */,
				6324CD7A2629479400F79036 /* CountersBoardNoContentView.swift in Sources */,
				350AF6ED25E0365A0000F698 /* UIImage+Badge.swift in Sources */,
				6384978726361F70002EB98F /* Reachability.swift in Sources */,
				DECA257025CC8D4200851431 /* WelcomeViewController.swift in Sources */,
				6324CD662629368B00F79036 /* MainCoordinator.swift in Sources */,
				63849739263296C4002EB98F /* CounterModel.swift in Sources */,
				6384974726329CEB002EB98F /* KeyValueStorageProtocol.swift in Sources */,
				638497B526367E3F002EB98F /* Repository.swift in Sources */,
				6384976926339E1A002EB98F /* CountersBoardTableViewCell.swift in Sources */,
				638497F72637DCEC002EB98F /* AddCounterViewPresenter.swift in Sources */,
				638497712634F1D5002EB98F /* CountersBoardTableViewConfigureDelegate.swift in Sources */,
				6324CD97262948EE00F79036 /* CountersBoardViewPresenter.swift in Sources */,
				DECA256C25CC8D4200851431 /* AppDelegate.swift in Sources */,
				6384979426363177002EB98F /* APIHandler.swift in Sources */,
				638497F12637D10C002EB98F /* AddCounterViewController.swift in Sources */,
				DE3EBACC25E048CE00DA1E0D /* Button.swift in Sources */,
				6324CDCA262A9D3100F79036 /* CounterCardView.swift in Sources */,
				638496D1262CF240002EB98F /* String+Extension.swift in Sources */,
				63B1E259263E61C20095BB5B /* ExampleHeaderCellView.swift in Sources */,
				6324CDC5262A959B00F79036 /* UIViewPreviewContainer.swift in Sources */,
				6324CDBD262A956400F79036 /* UIViewControllerPreviewContainer.swift in Sources */,
				6324CD822629481F00F79036 /* CountersBoardNoContentViewDelegate.swift in Sources */,
				63849723263291BC002EB98F /* CounterModelProtocol.swift in Sources */,
				6324CDB7262A938E00F79036 /* UIView+Extension.swift in Sources */,
				6324CD5E2629364A00F79036 /* CoordinatorProtocol.swift in Sources */,
				6324CD8F262948CE00F79036 /* CountersBoardViewDelegate.swift in Sources */,
				63849818263D29C5002EB98F /* ExamplesView.swift in Sources */,
				6384978126361D8D002EB98F /* Route.swift in Sources */,
				6384977926353208002EB98F /* NetworkingClient.swift in Sources */,
				638496E3262E7485002EB98F /* CountersBoardStates.swift in Sources */,
				6384981D263D2A32002EB98F /* ExamplesViewPresenter.swift in Sources */,
				63849709263137BB002EB98F /* CountersBoardLoadingView.swift in Sources */,
				35EAFB7925CC9E3B00DCFE10 /* Networking.m in Sources */,
				63849761263398EB002EB98F /* CountersBoardTableView.swift in Sources */,
				350AF6D925E02D5E0000F698 /* WelcomeView.swift in Sources */,
				6324CD6B262938C400F79036 /* WelcomeViewDelegate.swift in Sources */,
				6384978F26362C1F002EB98F /* CounterRepository.swift in Sources */,
				638497BA263682A9002EB98F /* JSONLoaderHelper.swift in Sources */,
				63B1E258263E61C20095BB5B /* ExampleCellView.swift in Sources */,
				638497AA26366912002EB98F /* NetworkingClientLoader.swift in Sources */,
				350AF6E425E035840000F698 /* WelcomeFeatureView.swift in Sources */,
			);
			runOnlyForDeploymentPostprocessing = 0;
		};
		DECA257A25CC8D4300851431 /* Sources */ = {
			isa = PBXSourcesBuildPhase;
			buildActionMask = 2147483647;
			files = (
				638497A226363B4A002EB98F /* NetworkingClientTests.swift in Sources */,
				638497C8263689CD002EB98F /* CounterModelTests.swift in Sources */,
				638497DB263714D4002EB98F /* CounterRepositoryTests.swift in Sources */,
				638497D02636F9BB002EB98F /* NetworkingClientLoaderMock.swift in Sources */,
			);
			runOnlyForDeploymentPostprocessing = 0;
		};
		DECA258525CC8D4300851431 /* Sources */ = {
			isa = PBXSourcesBuildPhase;
			buildActionMask = 2147483647;
			files = (
				DECA258E25CC8D4300851431 /* CountersUITests.swift in Sources */,
			);
			runOnlyForDeploymentPostprocessing = 0;
		};
/* End PBXSourcesBuildPhase section */

/* Begin PBXTargetDependency section */
		DECA258025CC8D4300851431 /* PBXTargetDependency */ = {
			isa = PBXTargetDependency;
			target = DECA256725CC8D4200851431 /* Counters */;
			targetProxy = DECA257F25CC8D4300851431 /* PBXContainerItemProxy */;
		};
		DECA258B25CC8D4300851431 /* PBXTargetDependency */ = {
			isa = PBXTargetDependency;
			target = DECA256725CC8D4200851431 /* Counters */;
			targetProxy = DECA258A25CC8D4300851431 /* PBXContainerItemProxy */;
		};
/* End PBXTargetDependency section */

/* Begin PBXVariantGroup section */
		DECA257625CC8D4300851431 /* LaunchScreen.storyboard */ = {
			isa = PBXVariantGroup;
			children = (
				DECA257725CC8D4300851431 /* Base */,
			);
			name = LaunchScreen.storyboard;
			sourceTree = "<group>";
		};
		DEED7FD025CC975D00BA0CDB /* Localizable.strings */ = {
			isa = PBXVariantGroup;
			children = (
				DEED7FCF25CC975D00BA0CDB /* en */,
			);
			name = Localizable.strings;
			sourceTree = "<group>";
		};
/* End PBXVariantGroup section */

/* Begin XCBuildConfiguration section */
		DECA259025CC8D4300851431 /* Debug */ = {
			isa = XCBuildConfiguration;
			buildSettings = {
				ALWAYS_SEARCH_USER_PATHS = NO;
				CLANG_ANALYZER_NONNULL = YES;
				CLANG_ANALYZER_NUMBER_OBJECT_CONVERSION = YES_AGGRESSIVE;
				CLANG_CXX_LANGUAGE_STANDARD = "gnu++14";
				CLANG_CXX_LIBRARY = "libc++";
				CLANG_ENABLE_MODULES = YES;
				CLANG_ENABLE_OBJC_ARC = YES;
				CLANG_ENABLE_OBJC_WEAK = YES;
				CLANG_WARN_BLOCK_CAPTURE_AUTORELEASING = YES;
				CLANG_WARN_BOOL_CONVERSION = YES;
				CLANG_WARN_COMMA = YES;
				CLANG_WARN_CONSTANT_CONVERSION = YES;
				CLANG_WARN_DEPRECATED_OBJC_IMPLEMENTATIONS = YES;
				CLANG_WARN_DIRECT_OBJC_ISA_USAGE = YES_ERROR;
				CLANG_WARN_DOCUMENTATION_COMMENTS = YES;
				CLANG_WARN_EMPTY_BODY = YES;
				CLANG_WARN_ENUM_CONVERSION = YES;
				CLANG_WARN_INFINITE_RECURSION = YES;
				CLANG_WARN_INT_CONVERSION = YES;
				CLANG_WARN_NON_LITERAL_NULL_CONVERSION = YES;
				CLANG_WARN_OBJC_IMPLICIT_RETAIN_SELF = YES;
				CLANG_WARN_OBJC_LITERAL_CONVERSION = YES;
				CLANG_WARN_OBJC_ROOT_CLASS = YES_ERROR;
				CLANG_WARN_QUOTED_INCLUDE_IN_FRAMEWORK_HEADER = YES;
				CLANG_WARN_RANGE_LOOP_ANALYSIS = YES;
				CLANG_WARN_STRICT_PROTOTYPES = YES;
				CLANG_WARN_SUSPICIOUS_MOVE = YES;
				CLANG_WARN_UNGUARDED_AVAILABILITY = YES_AGGRESSIVE;
				CLANG_WARN_UNREACHABLE_CODE = YES;
				CLANG_WARN__DUPLICATE_METHOD_MATCH = YES;
				COPY_PHASE_STRIP = NO;
				DEBUG_INFORMATION_FORMAT = dwarf;
				ENABLE_STRICT_OBJC_MSGSEND = YES;
				ENABLE_TESTABILITY = YES;
				GCC_C_LANGUAGE_STANDARD = gnu11;
				GCC_DYNAMIC_NO_PIC = NO;
				GCC_NO_COMMON_BLOCKS = YES;
				GCC_OPTIMIZATION_LEVEL = 0;
				GCC_PREPROCESSOR_DEFINITIONS = (
					"DEBUG=1",
					"$(inherited)",
				);
				GCC_WARN_64_TO_32_BIT_CONVERSION = YES;
				GCC_WARN_ABOUT_RETURN_TYPE = YES_ERROR;
				GCC_WARN_UNDECLARED_SELECTOR = YES;
				GCC_WARN_UNINITIALIZED_AUTOS = YES_AGGRESSIVE;
				GCC_WARN_UNUSED_FUNCTION = YES;
				GCC_WARN_UNUSED_VARIABLE = YES;
				IPHONEOS_DEPLOYMENT_TARGET = 13.0;
				MTL_ENABLE_DEBUG_INFO = INCLUDE_SOURCE;
				MTL_FAST_MATH = YES;
				ONLY_ACTIVE_ARCH = YES;
				SDKROOT = iphoneos;
				SWIFT_ACTIVE_COMPILATION_CONDITIONS = DEBUG;
				SWIFT_OPTIMIZATION_LEVEL = "-Onone";
			};
			name = Debug;
		};
		DECA259125CC8D4300851431 /* Release */ = {
			isa = XCBuildConfiguration;
			buildSettings = {
				ALWAYS_SEARCH_USER_PATHS = NO;
				CLANG_ANALYZER_NONNULL = YES;
				CLANG_ANALYZER_NUMBER_OBJECT_CONVERSION = YES_AGGRESSIVE;
				CLANG_CXX_LANGUAGE_STANDARD = "gnu++14";
				CLANG_CXX_LIBRARY = "libc++";
				CLANG_ENABLE_MODULES = YES;
				CLANG_ENABLE_OBJC_ARC = YES;
				CLANG_ENABLE_OBJC_WEAK = YES;
				CLANG_WARN_BLOCK_CAPTURE_AUTORELEASING = YES;
				CLANG_WARN_BOOL_CONVERSION = YES;
				CLANG_WARN_COMMA = YES;
				CLANG_WARN_CONSTANT_CONVERSION = YES;
				CLANG_WARN_DEPRECATED_OBJC_IMPLEMENTATIONS = YES;
				CLANG_WARN_DIRECT_OBJC_ISA_USAGE = YES_ERROR;
				CLANG_WARN_DOCUMENTATION_COMMENTS = YES;
				CLANG_WARN_EMPTY_BODY = YES;
				CLANG_WARN_ENUM_CONVERSION = YES;
				CLANG_WARN_INFINITE_RECURSION = YES;
				CLANG_WARN_INT_CONVERSION = YES;
				CLANG_WARN_NON_LITERAL_NULL_CONVERSION = YES;
				CLANG_WARN_OBJC_IMPLICIT_RETAIN_SELF = YES;
				CLANG_WARN_OBJC_LITERAL_CONVERSION = YES;
				CLANG_WARN_OBJC_ROOT_CLASS = YES_ERROR;
				CLANG_WARN_QUOTED_INCLUDE_IN_FRAMEWORK_HEADER = YES;
				CLANG_WARN_RANGE_LOOP_ANALYSIS = YES;
				CLANG_WARN_STRICT_PROTOTYPES = YES;
				CLANG_WARN_SUSPICIOUS_MOVE = YES;
				CLANG_WARN_UNGUARDED_AVAILABILITY = YES_AGGRESSIVE;
				CLANG_WARN_UNREACHABLE_CODE = YES;
				CLANG_WARN__DUPLICATE_METHOD_MATCH = YES;
				COPY_PHASE_STRIP = NO;
				DEBUG_INFORMATION_FORMAT = "dwarf-with-dsym";
				ENABLE_NS_ASSERTIONS = NO;
				ENABLE_STRICT_OBJC_MSGSEND = YES;
				GCC_C_LANGUAGE_STANDARD = gnu11;
				GCC_NO_COMMON_BLOCKS = YES;
				GCC_WARN_64_TO_32_BIT_CONVERSION = YES;
				GCC_WARN_ABOUT_RETURN_TYPE = YES_ERROR;
				GCC_WARN_UNDECLARED_SELECTOR = YES;
				GCC_WARN_UNINITIALIZED_AUTOS = YES_AGGRESSIVE;
				GCC_WARN_UNUSED_FUNCTION = YES;
				GCC_WARN_UNUSED_VARIABLE = YES;
				IPHONEOS_DEPLOYMENT_TARGET = 13.0;
				MTL_ENABLE_DEBUG_INFO = NO;
				MTL_FAST_MATH = YES;
				SDKROOT = iphoneos;
				SWIFT_COMPILATION_MODE = wholemodule;
				SWIFT_OPTIMIZATION_LEVEL = "-O";
				VALIDATE_PRODUCT = YES;
			};
			name = Release;
		};
		DECA259325CC8D4300851431 /* Debug */ = {
			isa = XCBuildConfiguration;
			buildSettings = {
				ASSETCATALOG_COMPILER_APPICON_NAME = AppIcon;
				ASSETCATALOG_COMPILER_GLOBAL_ACCENT_COLOR_NAME = AccentColor;
				CLANG_ENABLE_MODULES = YES;
				CODE_SIGN_STYLE = Automatic;
				INFOPLIST_FILE = Counters/Config/Info.plist;
				LD_RUNPATH_SEARCH_PATHS = (
					"$(inherited)",
					"@executable_path/Frameworks",
				);
				PRODUCT_BUNDLE_IDENTIFIER = com.cornershop.Counters;
				PRODUCT_NAME = "$(TARGET_NAME)";
				SWIFT_OBJC_BRIDGING_HEADER = "Counters/Config/Counters-Bridging-Header.h";
				SWIFT_OPTIMIZATION_LEVEL = "-Onone";
				SWIFT_VERSION = 5.0;
				TARGETED_DEVICE_FAMILY = "1,2";
			};
			name = Debug;
		};
		DECA259425CC8D4300851431 /* Release */ = {
			isa = XCBuildConfiguration;
			buildSettings = {
				ASSETCATALOG_COMPILER_APPICON_NAME = AppIcon;
				ASSETCATALOG_COMPILER_GLOBAL_ACCENT_COLOR_NAME = AccentColor;
				CLANG_ENABLE_MODULES = YES;
				CODE_SIGN_STYLE = Automatic;
				INFOPLIST_FILE = Counters/Config/Info.plist;
				LD_RUNPATH_SEARCH_PATHS = (
					"$(inherited)",
					"@executable_path/Frameworks",
				);
				PRODUCT_BUNDLE_IDENTIFIER = com.cornershop.Counters;
				PRODUCT_NAME = "$(TARGET_NAME)";
				SWIFT_OBJC_BRIDGING_HEADER = "Counters/Config/Counters-Bridging-Header.h";
				SWIFT_VERSION = 5.0;
				TARGETED_DEVICE_FAMILY = "1,2";
			};
			name = Release;
		};
		DECA259625CC8D4300851431 /* Debug */ = {
			isa = XCBuildConfiguration;
			buildSettings = {
				ALWAYS_EMBED_SWIFT_STANDARD_LIBRARIES = YES;
				BUNDLE_LOADER = "$(TEST_HOST)";
				CODE_SIGN_STYLE = Automatic;
				INFOPLIST_FILE = CountersTests/Info.plist;
				IPHONEOS_DEPLOYMENT_TARGET = 14.4;
				LD_RUNPATH_SEARCH_PATHS = (
					"$(inherited)",
					"@executable_path/Frameworks",
					"@loader_path/Frameworks",
				);
				PRODUCT_BUNDLE_IDENTIFIER = com.cornershop.CountersTests;
				PRODUCT_NAME = "$(TARGET_NAME)";
				SWIFT_VERSION = 5.0;
				TARGETED_DEVICE_FAMILY = "1,2";
				TEST_HOST = "$(BUILT_PRODUCTS_DIR)/Counters.app/Counters";
			};
			name = Debug;
		};
		DECA259725CC8D4300851431 /* Release */ = {
			isa = XCBuildConfiguration;
			buildSettings = {
				ALWAYS_EMBED_SWIFT_STANDARD_LIBRARIES = YES;
				BUNDLE_LOADER = "$(TEST_HOST)";
				CODE_SIGN_STYLE = Automatic;
				INFOPLIST_FILE = CountersTests/Info.plist;
				IPHONEOS_DEPLOYMENT_TARGET = 14.4;
				LD_RUNPATH_SEARCH_PATHS = (
					"$(inherited)",
					"@executable_path/Frameworks",
					"@loader_path/Frameworks",
				);
				PRODUCT_BUNDLE_IDENTIFIER = com.cornershop.CountersTests;
				PRODUCT_NAME = "$(TARGET_NAME)";
				SWIFT_VERSION = 5.0;
				TARGETED_DEVICE_FAMILY = "1,2";
				TEST_HOST = "$(BUILT_PRODUCTS_DIR)/Counters.app/Counters";
			};
			name = Release;
		};
		DECA259925CC8D4300851431 /* Debug */ = {
			isa = XCBuildConfiguration;
			buildSettings = {
				ALWAYS_EMBED_SWIFT_STANDARD_LIBRARIES = YES;
				CODE_SIGN_STYLE = Automatic;
				INFOPLIST_FILE = CountersUITests/Info.plist;
				LD_RUNPATH_SEARCH_PATHS = (
					"$(inherited)",
					"@executable_path/Frameworks",
					"@loader_path/Frameworks",
				);
				PRODUCT_BUNDLE_IDENTIFIER = com.cornershop.CountersUITests;
				PRODUCT_NAME = "$(TARGET_NAME)";
				SWIFT_VERSION = 5.0;
				TARGETED_DEVICE_FAMILY = "1,2";
				TEST_TARGET_NAME = Counters;
			};
			name = Debug;
		};
		DECA259A25CC8D4300851431 /* Release */ = {
			isa = XCBuildConfiguration;
			buildSettings = {
				ALWAYS_EMBED_SWIFT_STANDARD_LIBRARIES = YES;
				CODE_SIGN_STYLE = Automatic;
				INFOPLIST_FILE = CountersUITests/Info.plist;
				LD_RUNPATH_SEARCH_PATHS = (
					"$(inherited)",
					"@executable_path/Frameworks",
					"@loader_path/Frameworks",
				);
				PRODUCT_BUNDLE_IDENTIFIER = com.cornershop.CountersUITests;
				PRODUCT_NAME = "$(TARGET_NAME)";
				SWIFT_VERSION = 5.0;
				TARGETED_DEVICE_FAMILY = "1,2";
				TEST_TARGET_NAME = Counters;
			};
			name = Release;
		};
/* End XCBuildConfiguration section */

/* Begin XCConfigurationList section */
		DECA256325CC8D4200851431 /* Build configuration list for PBXProject "Counters" */ = {
			isa = XCConfigurationList;
			buildConfigurations = (
				DECA259025CC8D4300851431 /* Debug */,
				DECA259125CC8D4300851431 /* Release */,
			);
			defaultConfigurationIsVisible = 0;
			defaultConfigurationName = Release;
		};
		DECA259225CC8D4300851431 /* Build configuration list for PBXNativeTarget "Counters" */ = {
			isa = XCConfigurationList;
			buildConfigurations = (
				DECA259325CC8D4300851431 /* Debug */,
				DECA259425CC8D4300851431 /* Release */,
			);
			defaultConfigurationIsVisible = 0;
			defaultConfigurationName = Release;
		};
		DECA259525CC8D4300851431 /* Build configuration list for PBXNativeTarget "CountersTests" */ = {
			isa = XCConfigurationList;
			buildConfigurations = (
				DECA259625CC8D4300851431 /* Debug */,
				DECA259725CC8D4300851431 /* Release */,
			);
			defaultConfigurationIsVisible = 0;
			defaultConfigurationName = Release;
		};
		DECA259825CC8D4300851431 /* Build configuration list for PBXNativeTarget "CountersUITests" */ = {
			isa = XCConfigurationList;
			buildConfigurations = (
				DECA259925CC8D4300851431 /* Debug */,
				DECA259A25CC8D4300851431 /* Release */,
			);
			defaultConfigurationIsVisible = 0;
			defaultConfigurationName = Release;
		};
/* End XCConfigurationList section */
	};
	rootObject = DECA256025CC8D4200851431 /* Project object */;
}
